
Microsoft Visual Studio Solution File, Format Version 12.00
# Visual Studio 15
VisualStudioVersion = 15.0.28307.645
MinimumVisualStudioVersion = 10.0.40219.1
Project("{FAE04EC0-301F-11D3-BF4B-00C04F79EFBC}") = "CustomersOrdersServices", "CustomersOrdersServices\CustomersOrdersServices.csproj", "{B20439D4-CCCC-4787-A172-89E210F3668F}"
EndProject
Project("{FAE04EC0-301F-11D3-BF4B-00C04F79EFBC}") = "CustomersOrdersServices.Tests", "CustomersOrdersServices.Tests\CustomersOrdersServices.Tests.csproj", "{8B5EA496-2E5B-4812-9B59-ABEED7DE69D7}"
EndProject
Project("{FAE04EC0-301F-11D3-BF4B-00C04F79EFBC}") = "CustomersOrdersDataAccess", "CustomersOrdersDataAccess\CustomersOrdersDataAccess.csproj", "{520CD493-03A5-4C22-B9E4-683E720DDC7A}"
EndProject
Global
	GlobalSection(SolutionConfigurationPlatforms) = preSolution
		Debug|Any CPU = Debug|Any CPU
		Release|Any CPU = Release|Any CPU
	EndGlobalSection
	GlobalSection(ProjectConfigurationPlatforms) = postSolution
		{B20439D4-CCCC-4787-A172-89E210F3668F}.Debug|Any CPU.ActiveCfg = Debug|Any CPU
		{B20439D4-CCCC-4787-A172-89E210F3668F}.Debug|Any CPU.Build.0 = Debug|Any CPU
		{B20439D4-CCCC-4787-A172-89E210F3668F}.Release|Any CPU.ActiveCfg = Release|Any CPU
		{B20439D4-CCCC-4787-A172-89E210F3668F}.Release|Any CPU.Build.0 = Release|Any CPU
		{8B5EA496-2E5B-4812-9B59-ABEED7DE69D7}.Debug|Any CPU.ActiveCfg = Debug|Any CPU
		{8B5EA496-2E5B-4812-9B59-ABEED7DE69D7}.Debug|Any CPU.Build.0 = Debug|Any CPU
		{8B5EA496-2E5B-4812-9B59-ABEED7DE69D7}.Release|Any CPU.ActiveCfg = Release|Any CPU
		{8B5EA496-2E5B-4812-9B59-ABEED7DE69D7}.Release|Any CPU.Build.0 = Release|Any CPU
		{520CD493-03A5-4C22-B9E4-683E720DDC7A}.Debug|Any CPU.ActiveCfg = Debug|Any CPU
		{520CD493-03A5-4C22-B9E4-683E720DDC7A}.Debug|Any CPU.Build.0 = Debug|Any CPU
		{520CD493-03A5-4C22-B9E4-683E720DDC7A}.Release|Any CPU.ActiveCfg = Release|Any CPU
		{520CD493-03A5-4C22-B9E4-683E720DDC7A}.Release|Any CPU.Build.0 = Release|Any CPU
	EndGlobalSection
	GlobalSection(SolutionProperties) = preSolution
		HideSolutionNode = FALSE
	EndGlobalSection
	GlobalSection(ExtensibilityGlobals) = postSolution
		SolutionGuid = {D7206F39-D3E9-4362-AE0D-C58A4413F670}
	EndGlobalSection
EndGlobal
